// !$*UTF8*$!
{
	archiveVersion = 1;
	classes = {
	};
	objectVersion = 50;
	objects = {

/* Begin PBXBuildFile section */
		001F91617D02EB36F24F3BB5 /* OnboardingNotShowedView.swift in Sources */ = {isa = PBXBuildFile; fileRef = 9444C7A3D5F7C69B26B807D7 /* OnboardingNotShowedView.swift */; };
		0DCF1C0CAED6395397E9D284 /* AppTabBarItemPreferenceKey.swift in Sources */ = {isa = PBXBuildFile; fileRef = A937BD31774B76169E29C7CD /* AppTabBarItemPreferenceKey.swift */; };
		14E5F8126D4B0EB7934CB827 /* Config.swift in Resources */ = {isa = PBXBuildFile; fileRef = 9F9078D2457B871AE3F24C61 /* Config.swift */; };
		330B77ADDC1B835B8D894087 /* CreateListViewModel.swift in Sources */ = {isa = PBXBuildFile; fileRef = 1A43569B38329B0AF164BD99 /* CreateListViewModel.swift */; };
		3444F12907E34623CC4F7BF0 /* Assets.xcassets in Resources */ = {isa = PBXBuildFile; fileRef = 2D8B254AE5B7C53EA207BCA6 /* Assets.xcassets */; };
		4541156A4283EB10B28B06D6 /* AppTabBarItemViewModifier.swift in Sources */ = {isa = PBXBuildFile; fileRef = DB187C3DF10598822A0157B0 /* AppTabBarItemViewModifier.swift */; };
		45A6AEF89CE0364B0A6BFCFA /* MockView.swift in Sources */ = {isa = PBXBuildFile; fileRef = 532FADADDA3A08553CC7B30A /* MockView.swift */; };
		49278DF43B0CD4D6F8665593 /* CreateFolderView.swift in Sources */ = {isa = PBXBuildFile; fileRef = AFF63A99082C088AC3DA15B5 /* CreateFolderView.swift */; };
		49EEFBB735766AB907011A56 /* OnboardingView.swift in Sources */ = {isa = PBXBuildFile; fileRef = 165FD4213E3D42153EE31114 /* OnboardingView.swift */; };
		518208B2E7FE5D7050FB8125 /* MainViewModel.swift in Sources */ = {isa = PBXBuildFile; fileRef = 235C090B7DB501259F5B3D79 /* MainViewModel.swift */; };
		54CBBECEB77C94CB435DB615 /* Extension + UIColor.swift in Sources */ = {isa = PBXBuildFile; fileRef = 185ED3B98359CA9F0F3C5126 /* Extension + UIColor.swift */; };
		56C803B2B4CD4B1ECDEC993D /* AssetImage.swift in Sources */ = {isa = PBXBuildFile; fileRef = C9E50F65B5796CF5C099475F /* AssetImage.swift */; };
		594A79FD7E8EB975943D643B /* AppTabBarView.swift in Sources */ = {isa = PBXBuildFile; fileRef = A8B171018ACED6A11EE6DDEA /* AppTabBarView.swift */; };
		59AD379A1D212A703DBC9527 /* CreateFolderViewModel.swift in Sources */ = {isa = PBXBuildFile; fileRef = 22BEFE4009779F8A84800BD8 /* CreateFolderViewModel.swift */; };
		63897CBC366074F010815AFB /* EnterNameView.swift in Sources */ = {isa = PBXBuildFile; fileRef = 90838658F5A2852BC52B765B /* EnterNameView.swift */; };
		7816DD0600FCA6C13FEDE1C7 /* SplashScreen.swift in Sources */ = {isa = PBXBuildFile; fileRef = 87188B3AD92ACCA1392DD582 /* SplashScreen.swift */; };
		781CD80D1689DDDCA5BB50C2 /* Config.swift in Sources */ = {isa = PBXBuildFile; fileRef = 9F9078D2457B871AE3F24C61 /* Config.swift */; };
		794B7978C4D619AE6DB407F2 /* AssetString.swift in Sources */ = {isa = PBXBuildFile; fileRef = 0776D4F5222E142C09B9EADA /* AssetString.swift */; };
		806E8A3802B85957C480EB05 /* EnterNameViewModel.swift in Sources */ = {isa = PBXBuildFile; fileRef = 7A941DC4F85FAF25CD9DE6A6 /* EnterNameViewModel.swift */; };
		829E11B3A1808D87662097E3 /* OnboardingPageView.swift in Sources */ = {isa = PBXBuildFile; fileRef = DC96E983AF3681D2856B8D24 /* OnboardingPageView.swift */; };
		845A8FEF9E1D58CB8DC70298 /* AppTabBar.swift in Sources */ = {isa = PBXBuildFile; fileRef = 01A6E497FC1319FAE86AACFB /* AppTabBar.swift */; };
		9B159FA1E03FB370E43DFB31 /* CreateListView.swift in Sources */ = {isa = PBXBuildFile; fileRef = A313A410031DB3315E7C0E31 /* CreateListView.swift */; };
		9B634A022E9ADC231C878E7B /* OnboardingService.swift in Sources */ = {isa = PBXBuildFile; fileRef = AF8F03AD90B4EDEB22CA5194 /* OnboardingService.swift */; };
		9D0109F0D82DB2A8BF935E94 /* AssetString.swift in Resources */ = {isa = PBXBuildFile; fileRef = 0776D4F5222E142C09B9EADA /* AssetString.swift */; };
		A2607C818EC6BF6A9E152E26 /* PageControl.swift in Sources */ = {isa = PBXBuildFile; fileRef = F0DD38E51D6C406EB7D200B8 /* PageControl.swift */; };
		A4EDFEAFED8F482A283BF56F /* Preview Assets.xcassets in Resources */ = {isa = PBXBuildFile; fileRef = 8763443AE2F7EC0CD1AFFDF1 /* Preview Assets.xcassets */; };
		A9FDBDC5AC224D96D3313DB1 /* MainView.swift in Sources */ = {isa = PBXBuildFile; fileRef = CA9958239E502D8A9A4BEE62 /* MainView.swift */; };
		AB9B171D1A3B813AB13E6214 /* AppCoordinator.swift in Sources */ = {isa = PBXBuildFile; fileRef = 30B91CB8942D1DF0A10D01B3 /* AppCoordinator.swift */; };
		CBA71934676FB109A831F57B /* AppTabBarItem.swift in Sources */ = {isa = PBXBuildFile; fileRef = AF8AE3B557557C22B2FB2EAB /* AppTabBarItem.swift */; };
		D3C68D5B154B1511678EEDE5 /* OnboardingModel.swift in Sources */ = {isa = PBXBuildFile; fileRef = 83F880FF56AFC259A7B4F1B0 /* OnboardingModel.swift */; };
		D3EFAD0DAFD4EE6A93D4E41D /* ContentView.swift in Sources */ = {isa = PBXBuildFile; fileRef = ADE494FF8CA430D8AB3BD5A9 /* ContentView.swift */; };
		D50BB7C5C28292D5DDE6D6E1 /* SettingsViewModel.swift in Sources */ = {isa = PBXBuildFile; fileRef = 5938237A1686B31A8EE05459 /* SettingsViewModel.swift */; };
		DDDF635A93FD0144B8CD75CA /* OnboardingShowedView.swift in Sources */ = {isa = PBXBuildFile; fileRef = F1054F3A3FCE2C398737D388 /* OnboardingShowedView.swift */; };
		E09A3F8C142EDE72CC5C612A /* ShoppingApp.swift in Sources */ = {isa = PBXBuildFile; fileRef = 366E5C3DA57F7F15AAD1A254 /* ShoppingApp.swift */; };
		E613081337367E66DDDB11C1 /* MainModel.swift in Sources */ = {isa = PBXBuildFile; fileRef = 986EF60AF968538E2E807798 /* MainModel.swift */; };
		E6CE5A362954F09623809CE1 /* AssetImage.swift in Resources */ = {isa = PBXBuildFile; fileRef = C9E50F65B5796CF5C099475F /* AssetImage.swift */; };
		E7AE60A1E68BEF059F13AEC5 /* OnboardingViewModel.swift in Sources */ = {isa = PBXBuildFile; fileRef = 5BDD8C591F2BC535149C5F74 /* OnboardingViewModel.swift */; };
		F757E249DCF2BEB2D3D60093 /* Extension + View.swift in Sources */ = {isa = PBXBuildFile; fileRef = B794831CAD560A33172C632C /* Extension + View.swift */; };
		F77409E859DA0023AD579B77 /* SettingsView.swift in Sources */ = {isa = PBXBuildFile; fileRef = 18EF4CD8D77FDF39A208100F /* SettingsView.swift */; };
		F87ACCD3F24DF86DF3B8F837 /* AppTabBarContainerView.swift in Sources */ = {isa = PBXBuildFile; fileRef = C056AE801A492B09AE500337 /* AppTabBarContainerView.swift */; };
/* End PBXBuildFile section */

/* Begin PBXCopyFilesBuildPhase section */
		2F4672A577D25319D28F82C9 /* Embed Frameworks */ = {
			isa = PBXCopyFilesBuildPhase;
			buildActionMask = 2147483647;
			dstPath = "";
			dstSubfolderSpec = 10;
			files = (
			);
			name = "Embed Frameworks";
			runOnlyForDeploymentPostprocessing = 0;
		};
/* End PBXCopyFilesBuildPhase section */

/* Begin PBXFileReference section */
		01A6E497FC1319FAE86AACFB /* AppTabBar.swift */ = {isa = PBXFileReference; lastKnownFileType = sourcecode.swift; path = AppTabBar.swift; sourceTree = "<group>"; };
		0776D4F5222E142C09B9EADA /* AssetString.swift */ = {isa = PBXFileReference; lastKnownFileType = sourcecode.swift; path = AssetString.swift; sourceTree = "<group>"; };
		165FD4213E3D42153EE31114 /* OnboardingView.swift */ = {isa = PBXFileReference; lastKnownFileType = sourcecode.swift; path = OnboardingView.swift; sourceTree = "<group>"; };
		185ED3B98359CA9F0F3C5126 /* Extension + UIColor.swift */ = {isa = PBXFileReference; lastKnownFileType = sourcecode.swift; path = "Extension + UIColor.swift"; sourceTree = "<group>"; };
		18EF4CD8D77FDF39A208100F /* SettingsView.swift */ = {isa = PBXFileReference; lastKnownFileType = sourcecode.swift; path = SettingsView.swift; sourceTree = "<group>"; };
		1A43569B38329B0AF164BD99 /* CreateListViewModel.swift */ = {isa = PBXFileReference; lastKnownFileType = sourcecode.swift; path = CreateListViewModel.swift; sourceTree = "<group>"; };
		22BEFE4009779F8A84800BD8 /* CreateFolderViewModel.swift */ = {isa = PBXFileReference; lastKnownFileType = sourcecode.swift; path = CreateFolderViewModel.swift; sourceTree = "<group>"; };
		235C090B7DB501259F5B3D79 /* MainViewModel.swift */ = {isa = PBXFileReference; lastKnownFileType = sourcecode.swift; path = MainViewModel.swift; sourceTree = "<group>"; };
		2D8B254AE5B7C53EA207BCA6 /* Assets.xcassets */ = {isa = PBXFileReference; lastKnownFileType = folder.assetcatalog; path = Assets.xcassets; sourceTree = "<group>"; };
		30B91CB8942D1DF0A10D01B3 /* AppCoordinator.swift */ = {isa = PBXFileReference; lastKnownFileType = sourcecode.swift; path = AppCoordinator.swift; sourceTree = "<group>"; };
		366E5C3DA57F7F15AAD1A254 /* ShoppingApp.swift */ = {isa = PBXFileReference; lastKnownFileType = sourcecode.swift; path = ShoppingApp.swift; sourceTree = "<group>"; };
		532FADADDA3A08553CC7B30A /* MockView.swift */ = {isa = PBXFileReference; lastKnownFileType = sourcecode.swift; path = MockView.swift; sourceTree = "<group>"; };
		5938237A1686B31A8EE05459 /* SettingsViewModel.swift */ = {isa = PBXFileReference; lastKnownFileType = sourcecode.swift; path = SettingsViewModel.swift; sourceTree = "<group>"; };
		5BDD8C591F2BC535149C5F74 /* OnboardingViewModel.swift */ = {isa = PBXFileReference; lastKnownFileType = sourcecode.swift; path = OnboardingViewModel.swift; sourceTree = "<group>"; };
		7A941DC4F85FAF25CD9DE6A6 /* EnterNameViewModel.swift */ = {isa = PBXFileReference; lastKnownFileType = sourcecode.swift; path = EnterNameViewModel.swift; sourceTree = "<group>"; };
		83F880FF56AFC259A7B4F1B0 /* OnboardingModel.swift */ = {isa = PBXFileReference; lastKnownFileType = sourcecode.swift; path = OnboardingModel.swift; sourceTree = "<group>"; };
		87188B3AD92ACCA1392DD582 /* SplashScreen.swift */ = {isa = PBXFileReference; lastKnownFileType = sourcecode.swift; path = SplashScreen.swift; sourceTree = "<group>"; };
		8763443AE2F7EC0CD1AFFDF1 /* Preview Assets.xcassets */ = {isa = PBXFileReference; lastKnownFileType = folder.assetcatalog; path = "Preview Assets.xcassets"; sourceTree = "<group>"; };
		90838658F5A2852BC52B765B /* EnterNameView.swift */ = {isa = PBXFileReference; lastKnownFileType = sourcecode.swift; path = EnterNameView.swift; sourceTree = "<group>"; };
		9444C7A3D5F7C69B26B807D7 /* OnboardingNotShowedView.swift */ = {isa = PBXFileReference; lastKnownFileType = sourcecode.swift; path = OnboardingNotShowedView.swift; sourceTree = "<group>"; };
		986EF60AF968538E2E807798 /* MainModel.swift */ = {isa = PBXFileReference; lastKnownFileType = sourcecode.swift; path = MainModel.swift; sourceTree = "<group>"; };
		9F9078D2457B871AE3F24C61 /* Config.swift */ = {isa = PBXFileReference; lastKnownFileType = sourcecode.swift; path = Config.swift; sourceTree = "<group>"; };
		A313A410031DB3315E7C0E31 /* CreateListView.swift */ = {isa = PBXFileReference; lastKnownFileType = sourcecode.swift; path = CreateListView.swift; sourceTree = "<group>"; };
		A8B171018ACED6A11EE6DDEA /* AppTabBarView.swift */ = {isa = PBXFileReference; lastKnownFileType = sourcecode.swift; path = AppTabBarView.swift; sourceTree = "<group>"; };
		A937BD31774B76169E29C7CD /* AppTabBarItemPreferenceKey.swift */ = {isa = PBXFileReference; lastKnownFileType = sourcecode.swift; path = AppTabBarItemPreferenceKey.swift; sourceTree = "<group>"; };
		ADE494FF8CA430D8AB3BD5A9 /* ContentView.swift */ = {isa = PBXFileReference; lastKnownFileType = sourcecode.swift; path = ContentView.swift; sourceTree = "<group>"; };
		AF8AE3B557557C22B2FB2EAB /* AppTabBarItem.swift */ = {isa = PBXFileReference; lastKnownFileType = sourcecode.swift; path = AppTabBarItem.swift; sourceTree = "<group>"; };
		AF8F03AD90B4EDEB22CA5194 /* OnboardingService.swift */ = {isa = PBXFileReference; lastKnownFileType = sourcecode.swift; path = OnboardingService.swift; sourceTree = "<group>"; };
		AFF63A99082C088AC3DA15B5 /* CreateFolderView.swift */ = {isa = PBXFileReference; lastKnownFileType = sourcecode.swift; path = CreateFolderView.swift; sourceTree = "<group>"; };
		B089348A103C197A7EA037CC /* ShoppingApp.app */ = {isa = PBXFileReference; explicitFileType = wrapper.application; includeInIndex = 0; path = ShoppingApp.app; sourceTree = BUILT_PRODUCTS_DIR; };
		B794831CAD560A33172C632C /* Extension + View.swift */ = {isa = PBXFileReference; lastKnownFileType = sourcecode.swift; path = "Extension + View.swift"; sourceTree = "<group>"; };
		C056AE801A492B09AE500337 /* AppTabBarContainerView.swift */ = {isa = PBXFileReference; lastKnownFileType = sourcecode.swift; path = AppTabBarContainerView.swift; sourceTree = "<group>"; };
		C9E50F65B5796CF5C099475F /* AssetImage.swift */ = {isa = PBXFileReference; lastKnownFileType = sourcecode.swift; path = AssetImage.swift; sourceTree = "<group>"; };
		CA9958239E502D8A9A4BEE62 /* MainView.swift */ = {isa = PBXFileReference; lastKnownFileType = sourcecode.swift; path = MainView.swift; sourceTree = "<group>"; };
		DB187C3DF10598822A0157B0 /* AppTabBarItemViewModifier.swift */ = {isa = PBXFileReference; lastKnownFileType = sourcecode.swift; path = AppTabBarItemViewModifier.swift; sourceTree = "<group>"; };
		DC96E983AF3681D2856B8D24 /* OnboardingPageView.swift */ = {isa = PBXFileReference; lastKnownFileType = sourcecode.swift; path = OnboardingPageView.swift; sourceTree = "<group>"; };
		DD250D1BB9062EBED3E7D803 /* Info.plist */ = {isa = PBXFileReference; lastKnownFileType = text.plist; path = Info.plist; sourceTree = "<group>"; };
		F0DD38E51D6C406EB7D200B8 /* PageControl.swift */ = {isa = PBXFileReference; lastKnownFileType = sourcecode.swift; path = PageControl.swift; sourceTree = "<group>"; };
		F1054F3A3FCE2C398737D388 /* OnboardingShowedView.swift */ = {isa = PBXFileReference; lastKnownFileType = sourcecode.swift; path = OnboardingShowedView.swift; sourceTree = "<group>"; };
/* End PBXFileReference section */

/* Begin PBXFrameworksBuildPhase section */
		709623A067A9155DF76860E0 /* Frameworks */ = {
			isa = PBXFrameworksBuildPhase;
			buildActionMask = 2147483647;
			files = (
			);
			runOnlyForDeploymentPostprocessing = 0;
		};
/* End PBXFrameworksBuildPhase section */

/* Begin PBXGroup section */
		098BF8C810E238949417A65A /* Preview Content */ = {
			isa = PBXGroup;
			children = (
				8763443AE2F7EC0CD1AFFDF1 /* Preview Assets.xcassets */,
			);
			path = "Preview Content";
			sourceTree = "<group>";
		};
		159AD0744F906CE30BB45393 /* Services */ = {
			isa = PBXGroup;
			children = (
				AF8F03AD90B4EDEB22CA5194 /* OnboardingService.swift */,
			);
			path = Services;
			sourceTree = "<group>";
		};
		1810BA6C0F6AE8C77CC14404 /* TabBar */ = {
			isa = PBXGroup;
			children = (
				01A6E497FC1319FAE86AACFB /* AppTabBar.swift */,
				C056AE801A492B09AE500337 /* AppTabBarContainerView.swift */,
				AF8AE3B557557C22B2FB2EAB /* AppTabBarItem.swift */,
				A937BD31774B76169E29C7CD /* AppTabBarItemPreferenceKey.swift */,
				DB187C3DF10598822A0157B0 /* AppTabBarItemViewModifier.swift */,
				A8B171018ACED6A11EE6DDEA /* AppTabBarView.swift */,
			);
			path = TabBar;
			sourceTree = "<group>";
		};
		187F3C2A56DFF7DDD9D4AFF1 /* Main */ = {
			isa = PBXGroup;
			children = (
				CA9958239E502D8A9A4BEE62 /* MainView.swift */,
				235C090B7DB501259F5B3D79 /* MainViewModel.swift */,
				986EF60AF968538E2E807798 /* MainModel.swift */,
			);
			path = Main;
			sourceTree = "<group>";
		};
		350B1058A83AC53B423622CA /* CreateList */ = {
			isa = PBXGroup;
			children = (
				A313A410031DB3315E7C0E31 /* CreateListView.swift */,
				1A43569B38329B0AF164BD99 /* CreateListViewModel.swift */,
			);
			path = CreateList;
			sourceTree = "<group>";
		};
		69C07C60AFD5DD386C18E762 /* ShoppingApp */ = {
			isa = PBXGroup;
			children = (
				DD250D1BB9062EBED3E7D803 /* Info.plist */,
				7181045F8B4EE7811FDAAA21 /* Core */,
				6A302A860B2A8821627B2F2C /* Extensions */,
				BAACE281675A4FE5D52F6B58 /* Resources */,
				159AD0744F906CE30BB45393 /* Services */,
				BBAFB1DEEBE73C6D85A13DEB /*  Sheets */,
				E202E79354F6F8A039FEF854 /* Features */,
			);
			path = ShoppingApp;
			sourceTree = "<group>";
		};
		6A302A860B2A8821627B2F2C /* Extensions */ = {
			isa = PBXGroup;
			children = (
				185ED3B98359CA9F0F3C5126 /* Extension + UIColor.swift */,
				B794831CAD560A33172C632C /* Extension + View.swift */,
			);
			path = Extensions;
			sourceTree = "<group>";
		};
		7181045F8B4EE7811FDAAA21 /* Core */ = {
			isa = PBXGroup;
			children = (
				366E5C3DA57F7F15AAD1A254 /* ShoppingApp.swift */,
				ADE494FF8CA430D8AB3BD5A9 /* ContentView.swift */,
				87188B3AD92ACCA1392DD582 /* SplashScreen.swift */,
				8FD6DD2BA913620AC025B438 /* Coordinator */,
				1810BA6C0F6AE8C77CC14404 /* TabBar */,
			);
			path = Core;
			sourceTree = "<group>";
		};
		7F4E67088C7394B49062D3F9 /* Products */ = {
			isa = PBXGroup;
			children = (
				B089348A103C197A7EA037CC /* ShoppingApp.app */,
			);
			name = Products;
			sourceTree = "<group>";
		};
		8EE1DDD17625E381B5F0435F = {
			isa = PBXGroup;
			children = (
				E984199FE271D84A116BC7CF /* Project */,
				7F4E67088C7394B49062D3F9 /* Products */,
			);
			sourceTree = "<group>";
		};
		8FD6DD2BA913620AC025B438 /* Coordinator */ = {
			isa = PBXGroup;
			children = (
				30B91CB8942D1DF0A10D01B3 /* AppCoordinator.swift */,
				9444C7A3D5F7C69B26B807D7 /* OnboardingNotShowedView.swift */,
				F1054F3A3FCE2C398737D388 /* OnboardingShowedView.swift */,
			);
			path = Coordinator;
			sourceTree = "<group>";
		};
		B22E9477ED64EE2496828BD2 /* Settings */ = {
			isa = PBXGroup;
			children = (
				18EF4CD8D77FDF39A208100F /* SettingsView.swift */,
				5938237A1686B31A8EE05459 /* SettingsViewModel.swift */,
			);
			path = Settings;
			sourceTree = "<group>";
		};
		B97F924BBE637BF5D3F903CB /* CreateFolder */ = {
			isa = PBXGroup;
			children = (
				AFF63A99082C088AC3DA15B5 /* CreateFolderView.swift */,
				22BEFE4009779F8A84800BD8 /* CreateFolderViewModel.swift */,
			);
			path = CreateFolder;
			sourceTree = "<group>";
		};
		BAACE281675A4FE5D52F6B58 /* Resources */ = {
			isa = PBXGroup;
			children = (
				098BF8C810E238949417A65A /* Preview Content */,
				C9E50F65B5796CF5C099475F /* AssetImage.swift */,
				2D8B254AE5B7C53EA207BCA6 /* Assets.xcassets */,
				0776D4F5222E142C09B9EADA /* AssetString.swift */,
				9F9078D2457B871AE3F24C61 /* Config.swift */,
			);
			path = Resources;
			sourceTree = "<group>";
		};
		BBAFB1DEEBE73C6D85A13DEB /*  Sheets */ = {
			isa = PBXGroup;
			children = (
				B97F924BBE637BF5D3F903CB /* CreateFolder */,
				350B1058A83AC53B423622CA /* CreateList */,
			);
			path = " Sheets";
			sourceTree = "<group>";
		};
		CB074F73129C669E45E94A34 /* Onboarding */ = {
			isa = PBXGroup;
			children = (
				83F880FF56AFC259A7B4F1B0 /* OnboardingModel.swift */,
				165FD4213E3D42153EE31114 /* OnboardingView.swift */,
				5BDD8C591F2BC535149C5F74 /* OnboardingViewModel.swift */,
				DD227806E29050E289738818 /* Components */,
			);
			path = Onboarding;
			sourceTree = "<group>";
		};
		DD227806E29050E289738818 /* Components */ = {
			isa = PBXGroup;
			children = (
				DC96E983AF3681D2856B8D24 /* OnboardingPageView.swift */,
				F0DD38E51D6C406EB7D200B8 /* PageControl.swift */,
			);
			path = Components;
			sourceTree = "<group>";
		};
		DE5060FAE538057A247DFC48 /* EnterName */ = {
			isa = PBXGroup;
			children = (
				90838658F5A2852BC52B765B /* EnterNameView.swift */,
				7A941DC4F85FAF25CD9DE6A6 /* EnterNameViewModel.swift */,
			);
			path = EnterName;
			sourceTree = "<group>";
		};
		E202E79354F6F8A039FEF854 /* Features */ = {
			isa = PBXGroup;
			children = (
				532FADADDA3A08553CC7B30A /* MockView.swift */,
				CB074F73129C669E45E94A34 /* Onboarding */,
				187F3C2A56DFF7DDD9D4AFF1 /* Main */,
				B22E9477ED64EE2496828BD2 /* Settings */,
				DE5060FAE538057A247DFC48 /* EnterName */,
			);
			path = Features;
			sourceTree = "<group>";
		};
		E984199FE271D84A116BC7CF /* Project */ = {
			isa = PBXGroup;
			children = (
				69C07C60AFD5DD386C18E762 /* ShoppingApp */,
			);
			name = Project;
			sourceTree = "<group>";
		};
/* End PBXGroup section */

/* Begin PBXNativeTarget section */
		7036F5823B5853A5B7D5F16B /* ShoppingApp */ = {
			isa = PBXNativeTarget;
			buildConfigurationList = 0246BED5A27300D502FF4CDB /* Build configuration list for PBXNativeTarget "ShoppingApp" */;
			buildPhases = (
				FE30E4181BFA76A160994242 /* Sources */,
				87730120C32AED6F489A14AF /* Resources */,
				16E07F9C3816F53A5F1624C4 /* Embed Precompiled Frameworks */,
				2F4672A577D25319D28F82C9 /* Embed Frameworks */,
				709623A067A9155DF76860E0 /* Frameworks */,
			);
			buildRules = (
			);
			dependencies = (
			);
			name = ShoppingApp;
			productName = ShoppingApp;
			productReference = B089348A103C197A7EA037CC /* ShoppingApp.app */;
			productType = "com.apple.product-type.application";
		};
/* End PBXNativeTarget section */

/* Begin PBXProject section */
		AA01E239CA60720168A0A349 /* Project object */ = {
			isa = PBXProject;
			attributes = {
			};
			buildConfigurationList = 64FE0E6E9F1A5B35A2D01A2A /* Build configuration list for PBXProject "ShoppingApp" */;
			compatibilityVersion = "Xcode 9.3";
			developmentRegion = en;
			hasScannedForEncodings = 0;
			knownRegions = (
				Base,
				en,
			);
			mainGroup = 8EE1DDD17625E381B5F0435F;
			productRefGroup = 7F4E67088C7394B49062D3F9 /* Products */;
			projectDirPath = "";
			projectRoot = "";
			targets = (
				7036F5823B5853A5B7D5F16B /* ShoppingApp */,
			);
		};
/* End PBXProject section */

/* Begin PBXResourcesBuildPhase section */
		87730120C32AED6F489A14AF /* Resources */ = {
			isa = PBXResourcesBuildPhase;
			buildActionMask = 2147483647;
			files = (
				E6CE5A362954F09623809CE1 /* AssetImage.swift in Resources */,
				9D0109F0D82DB2A8BF935E94 /* AssetString.swift in Resources */,
				3444F12907E34623CC4F7BF0 /* Assets.xcassets in Resources */,
				14E5F8126D4B0EB7934CB827 /* Config.swift in Resources */,
				A4EDFEAFED8F482A283BF56F /* Preview Assets.xcassets in Resources */,
			);
			runOnlyForDeploymentPostprocessing = 0;
		};
/* End PBXResourcesBuildPhase section */

/* Begin PBXShellScriptBuildPhase section */
		16E07F9C3816F53A5F1624C4 /* Embed Precompiled Frameworks */ = {
			isa = PBXShellScriptBuildPhase;
			buildActionMask = 2147483647;
			files = (
			);
			inputPaths = (
			);
			name = "Embed Precompiled Frameworks";
			outputPaths = (
			);
			runOnlyForDeploymentPostprocessing = 0;
			shellPath = /bin/sh;
			shellScript = "echo \"Skipping, nothing to be embedded.\"";
		};
/* End PBXShellScriptBuildPhase section */

/* Begin PBXSourcesBuildPhase section */
		FE30E4181BFA76A160994242 /* Sources */ = {
			isa = PBXSourcesBuildPhase;
			buildActionMask = 2147483647;
			files = (
				D3EFAD0DAFD4EE6A93D4E41D /* ContentView.swift in Sources */,
				AB9B171D1A3B813AB13E6214 /* AppCoordinator.swift in Sources */,
				001F91617D02EB36F24F3BB5 /* OnboardingNotShowedView.swift in Sources */,
				DDDF635A93FD0144B8CD75CA /* OnboardingShowedView.swift in Sources */,
				E09A3F8C142EDE72CC5C612A /* ShoppingApp.swift in Sources */,
				7816DD0600FCA6C13FEDE1C7 /* SplashScreen.swift in Sources */,
				845A8FEF9E1D58CB8DC70298 /* AppTabBar.swift in Sources */,
				F87ACCD3F24DF86DF3B8F837 /* AppTabBarContainerView.swift in Sources */,
				CBA71934676FB109A831F57B /* AppTabBarItem.swift in Sources */,
				0DCF1C0CAED6395397E9D284 /* AppTabBarItemPreferenceKey.swift in Sources */,
				4541156A4283EB10B28B06D6 /* AppTabBarItemViewModifier.swift in Sources */,
				594A79FD7E8EB975943D643B /* AppTabBarView.swift in Sources */,
				54CBBECEB77C94CB435DB615 /* Extension + UIColor.swift in Sources */,
				F757E249DCF2BEB2D3D60093 /* Extension + View.swift in Sources */,
				49278DF43B0CD4D6F8665593 /* CreateFolderView.swift in Sources */,
				59AD379A1D212A703DBC9527 /* CreateFolderViewModel.swift in Sources */,
				9B159FA1E03FB370E43DFB31 /* CreateListView.swift in Sources */,
				330B77ADDC1B835B8D894087 /* CreateListViewModel.swift in Sources */,
				63897CBC366074F010815AFB /* EnterNameView.swift in Sources */,
				806E8A3802B85957C480EB05 /* EnterNameViewModel.swift in Sources */,
				E613081337367E66DDDB11C1 /* MainModel.swift in Sources */,
				A9FDBDC5AC224D96D3313DB1 /* MainView.swift in Sources */,
				518208B2E7FE5D7050FB8125 /* MainViewModel.swift in Sources */,
				45A6AEF89CE0364B0A6BFCFA /* MockView.swift in Sources */,
				829E11B3A1808D87662097E3 /* OnboardingPageView.swift in Sources */,
				A2607C818EC6BF6A9E152E26 /* PageControl.swift in Sources */,
				D3C68D5B154B1511678EEDE5 /* OnboardingModel.swift in Sources */,
				49EEFBB735766AB907011A56 /* OnboardingView.swift in Sources */,
				E7AE60A1E68BEF059F13AEC5 /* OnboardingViewModel.swift in Sources */,
				F77409E859DA0023AD579B77 /* SettingsView.swift in Sources */,
				D50BB7C5C28292D5DDE6D6E1 /* SettingsViewModel.swift in Sources */,
				56C803B2B4CD4B1ECDEC993D /* AssetImage.swift in Sources */,
				794B7978C4D619AE6DB407F2 /* AssetString.swift in Sources */,
				781CD80D1689DDDCA5BB50C2 /* Config.swift in Sources */,
				9B634A022E9ADC231C878E7B /* OnboardingService.swift in Sources */,
			);
			runOnlyForDeploymentPostprocessing = 0;
		};
/* End PBXSourcesBuildPhase section */

/* Begin XCBuildConfiguration section */
		54BB0EC44596AB5056306D77 /* Release */ = {
			isa = XCBuildConfiguration;
			buildSettings = {
				ALWAYS_SEARCH_USER_PATHS = NO;
				CLANG_ANALYZER_NONNULL = YES;
				CLANG_ANALYZER_NUMBER_OBJECT_CONVERSION = YES_AGGRESSIVE;
				CLANG_CXX_LANGUAGE_STANDARD = "gnu++14";
				CLANG_CXX_LIBRARY = "libc++";
				CLANG_ENABLE_MODULES = YES;
				CLANG_ENABLE_OBJC_ARC = YES;
				CLANG_ENABLE_OBJC_WEAK = YES;
				CLANG_WARN_BLOCK_CAPTURE_AUTORELEASING = YES;
				CLANG_WARN_BOOL_CONVERSION = YES;
				CLANG_WARN_COMMA = YES;
				CLANG_WARN_CONSTANT_CONVERSION = YES;
				CLANG_WARN_DEPRECATED_OBJC_IMPLEMENTATIONS = YES;
				CLANG_WARN_DIRECT_OBJC_ISA_USAGE = YES_ERROR;
				CLANG_WARN_DOCUMENTATION_COMMENTS = YES;
				CLANG_WARN_EMPTY_BODY = YES;
				CLANG_WARN_ENUM_CONVERSION = YES;
				CLANG_WARN_INFINITE_RECURSION = YES;
				CLANG_WARN_INT_CONVERSION = YES;
				CLANG_WARN_NON_LITERAL_NULL_CONVERSION = YES;
				CLANG_WARN_OBJC_IMPLICIT_RETAIN_SELF = YES;
				CLANG_WARN_OBJC_LITERAL_CONVERSION = YES;
				CLANG_WARN_OBJC_ROOT_CLASS = YES_ERROR;
				CLANG_WARN_QUOTED_INCLUDE_IN_FRAMEWORK_HEADER = YES;
				CLANG_WARN_RANGE_LOOP_ANALYSIS = YES;
				CLANG_WARN_STRICT_PROTOTYPES = YES;
				CLANG_WARN_SUSPICIOUS_MOVE = YES;
				CLANG_WARN_UNGUARDED_AVAILABILITY = YES_AGGRESSIVE;
				CLANG_WARN_UNREACHABLE_CODE = YES;
				CLANG_WARN__DUPLICATE_METHOD_MATCH = YES;
				COPY_PHASE_STRIP = NO;
				DEBUG_INFORMATION_FORMAT = "dwarf-with-dsym";
				ENABLE_NS_ASSERTIONS = NO;
				ENABLE_STRICT_OBJC_MSGSEND = YES;
				GCC_C_LANGUAGE_STANDARD = gnu11;
				GCC_NO_COMMON_BLOCKS = YES;
				GCC_WARN_64_TO_32_BIT_CONVERSION = YES;
				GCC_WARN_ABOUT_RETURN_TYPE = YES_ERROR;
				GCC_WARN_UNDECLARED_SELECTOR = YES;
				GCC_WARN_UNINITIALIZED_AUTOS = YES_AGGRESSIVE;
				GCC_WARN_UNUSED_FUNCTION = YES;
				GCC_WARN_UNUSED_VARIABLE = YES;
				IPHONEOS_DEPLOYMENT_TARGET = 17.0;
				MTL_ENABLE_DEBUG_INFO = NO;
				PRODUCT_NAME = "$(TARGET_NAME)";
				VALIDATE_PRODUCT = YES;
			};
			name = Release;
		};
		75972A462ED5F87FF088927E /* Debug */ = {
			isa = XCBuildConfiguration;
			buildSettings = {
				ASSETCATALOG_COMPILER_APPICON_NAME = AppIcon;
				CODE_SIGN_IDENTITY = "iPhone Developer";
				CURRENT_PROJECT_VERSION = 1;
				ENABLE_PREVIEWS = YES;
				INFOPLIST_FILE = ShoppingApp/Info.plist;
				IPHONEOS_DEPLOYMENT_TARGET = 17.0;
				LD_RUNPATH_SEARCH_PATHS = (
					"$(inherited)",
					"@executable_path/Frameworks",
				);
				MARKETING_VERSION = 1.0;
				PRODUCT_BUNDLE_IDENTIFIER = m.ShoppingApp;
				PRODUCT_NAME = ShoppingApp;
				SDKROOT = iphoneos;
				SUPPORTED_PLATFORMS = "iphonesimulator iphoneos";
				SWIFT_ACTIVE_COMPILATION_CONDITIONS = DEBUG;
				SWIFT_COMPILATION_MODE = singlefile;
				SWIFT_OPTIMIZATION_LEVEL = "-Onone";
				SWIFT_VERSION = 5.9.2;
				TARGETED_DEVICE_FAMILY = 1;
			};
			name = Debug;
		};
		973CCC6BD9265839659E8E25 /* Release */ = {
			isa = XCBuildConfiguration;
			buildSettings = {
				ASSETCATALOG_COMPILER_APPICON_NAME = AppIcon;
				CODE_SIGN_IDENTITY = "iPhone Developer";
				CURRENT_PROJECT_VERSION = 1;
				ENABLE_PREVIEWS = YES;
				INFOPLIST_FILE = ShoppingApp/Info.plist;
				IPHONEOS_DEPLOYMENT_TARGET = 17.0;
				LD_RUNPATH_SEARCH_PATHS = (
					"$(inherited)",
					"@executable_path/Frameworks",
				);
				MARKETING_VERSION = 1.0;
				PRODUCT_BUNDLE_IDENTIFIER = m.ShoppingApp;
				PRODUCT_NAME = ShoppingApp;
				SDKROOT = iphoneos;
				SUPPORTED_PLATFORMS = "iphonesimulator iphoneos";
				SWIFT_COMPILATION_MODE = wholemodule;
				SWIFT_OPTIMIZATION_LEVEL = "-Owholemodule";
				SWIFT_VERSION = 5.9.2;
				TARGETED_DEVICE_FAMILY = 1;
			};
			name = Release;
		};
		E831AEE2B479E591FCDED22A /* Debug */ = {
			isa = XCBuildConfiguration;
			buildSettings = {
				ALWAYS_SEARCH_USER_PATHS = NO;
				CLANG_ANALYZER_NONNULL = YES;
				CLANG_ANALYZER_NUMBER_OBJECT_CONVERSION = YES_AGGRESSIVE;
				CLANG_CXX_LANGUAGE_STANDARD = "gnu++14";
				CLANG_CXX_LIBRARY = "libc++";
				CLANG_ENABLE_MODULES = YES;
				CLANG_ENABLE_OBJC_ARC = YES;
				CLANG_ENABLE_OBJC_WEAK = YES;
				CLANG_WARN_BLOCK_CAPTURE_AUTORELEASING = YES;
				CLANG_WARN_BOOL_CONVERSION = YES;
				CLANG_WARN_COMMA = YES;
				CLANG_WARN_CONSTANT_CONVERSION = YES;
				CLANG_WARN_DEPRECATED_OBJC_IMPLEMENTATIONS = YES;
				CLANG_WARN_DIRECT_OBJC_ISA_USAGE = YES_ERROR;
				CLANG_WARN_DOCUMENTATION_COMMENTS = YES;
				CLANG_WARN_EMPTY_BODY = YES;
				CLANG_WARN_ENUM_CONVERSION = YES;
				CLANG_WARN_INFINITE_RECURSION = YES;
				CLANG_WARN_INT_CONVERSION = YES;
				CLANG_WARN_NON_LITERAL_NULL_CONVERSION = YES;
				CLANG_WARN_OBJC_IMPLICIT_RETAIN_SELF = YES;
				CLANG_WARN_OBJC_LITERAL_CONVERSION = YES;
				CLANG_WARN_OBJC_ROOT_CLASS = YES_ERROR;
				CLANG_WARN_QUOTED_INCLUDE_IN_FRAMEWORK_HEADER = YES;
				CLANG_WARN_RANGE_LOOP_ANALYSIS = YES;
				CLANG_WARN_STRICT_PROTOTYPES = YES;
				CLANG_WARN_SUSPICIOUS_MOVE = YES;
				CLANG_WARN_UNGUARDED_AVAILABILITY = YES_AGGRESSIVE;
				CLANG_WARN_UNREACHABLE_CODE = YES;
				CLANG_WARN__DUPLICATE_METHOD_MATCH = YES;
				COPY_PHASE_STRIP = NO;
				DEBUG_INFORMATION_FORMAT = dwarf;
				ENABLE_STRICT_OBJC_MSGSEND = YES;
				ENABLE_TESTABILITY = YES;
				GCC_C_LANGUAGE_STANDARD = gnu11;
				GCC_DYNAMIC_NO_PIC = NO;
				GCC_NO_COMMON_BLOCKS = YES;
				GCC_OPTIMIZATION_LEVEL = 0;
				GCC_PREPROCESSOR_DEFINITIONS = (
					"DEBUG=1",
					"$(inherited)",
				);
				GCC_WARN_64_TO_32_BIT_CONVERSION = YES;
				GCC_WARN_ABOUT_RETURN_TYPE = YES_ERROR;
				GCC_WARN_UNDECLARED_SELECTOR = YES;
				GCC_WARN_UNINITIALIZED_AUTOS = YES_AGGRESSIVE;
				GCC_WARN_UNUSED_FUNCTION = YES;
				GCC_WARN_UNUSED_VARIABLE = YES;
				IPHONEOS_DEPLOYMENT_TARGET = 17.0;
				MTL_ENABLE_DEBUG_INFO = YES;
				ONLY_ACTIVE_ARCH = YES;
				PRODUCT_NAME = "$(TARGET_NAME)";
			};
			name = Debug;
		};
/* End XCBuildConfiguration section */

/* Begin XCConfigurationList section */
		0246BED5A27300D502FF4CDB /* Build configuration list for PBXNativeTarget "ShoppingApp" */ = {
			isa = XCConfigurationList;
			buildConfigurations = (
				75972A462ED5F87FF088927E /* Debug */,
				973CCC6BD9265839659E8E25 /* Release */,
			);
			defaultConfigurationIsVisible = 0;
			defaultConfigurationName = Release;
		};
		64FE0E6E9F1A5B35A2D01A2A /* Build configuration list for PBXProject "ShoppingApp" */ = {
			isa = XCConfigurationList;
			buildConfigurations = (
				E831AEE2B479E591FCDED22A /* Debug */,
				54BB0EC44596AB5056306D77 /* Release */,
			);
			defaultConfigurationIsVisible = 0;
			defaultConfigurationName = Release;
		};
/* End XCConfigurationList section */
	};
	rootObject = AA01E239CA60720168A0A349 /* Project object */;
}
